{
  "name": "@knowledge-card/engine",
  "version": "0.0.0",
  "lockfileVersion": 3,
  "requires": true,
  "packages": {
    "": {
      "name": "@knowledge-card/engine",
      "version": "0.0.0",
      "workspaces": [
        "apps/*",
        "packages/*"
      ],
      "engines": {
        "node": ">=24 <25"
      }
    },
    "apps/server": {
      "name": "@knowledge-card/server",
      "version": "0.0.0"
    },
    "node_modules/@knowledge-card/server": {
      "resolved": "apps/server",
      "link": true
    },
    "apps/web": {
      "name": "@knowledge-card/web",
      "version": "0.0.0"
    },
    "node_modules/@knowledge-card/web": {
      "resolved": "apps/web",
      "link": true
    },
    "packages/analysis": {
      "name": "@knowledge-card/analysis",
      "version": "0.0.0"
    },
    "node_modules/@knowledge-card/analysis": {
      "resolved": "packages/analysis",
      "link": true
    },
    "packages/core": {
      "name": "@knowledge-card/core",
      "version": "0.0.0"
    },
    "node_modules/@knowledge-card/core": {
      "resolved": "packages/core",
      "link": true
    },
    "packages/graph": {
      "name": "@knowledge-card/graph",
      "version": "0.0.0"
    },
    "node_modules/@knowledge-card/graph": {
      "resolved": "packages/graph",
      "link": true
    },
    "packages/ingestion": {
      "name": "@knowledge-card/ingestion",
      "version": "0.0.0"
    },
    "node_modules/@knowledge-card/ingestion": {
      "resolved": "packages/ingestion",
      "link": true
    },
    "packages/release": {
      "name": "@knowledge-card/release",
      "version": "0.0.0"
    },
    "node_modules/@knowledge-card/release": {
      "resolved": "packages/release",
      "link": true
    },
    "packages/workspace": {
      "name": "@knowledge-card/workspace",
      "version": "0.0.0"
    },
    "node_modules/@knowledge-card/workspace": {
      "resolved": "packages/workspace",
      "link": true
    }
  }
}
